{
  "name": "@is-(unknown)/is-undefined",
  "version": "1.0.0",
  "lockfileVersion": 3,
  "requires": true,
  "packages": {
    "": {
      "name": "@is-(unknown)/is-undefined",
      "version": "1.0.0",
      "license": "MIT",
      "dependencies": {
        "@technically/is-not-undefined": "^1.0.0"
      }
    },
    "node_modules/@technically/is-not-undefined": {
      "version": "1.0.0",
      "resolved": "https://registry.npmjs.org/@technically/is-not-undefined/-/is-not-undefined-1.0.0.tgz",
      "integrity": "sha512-owLetC1M6l/zWq1ERIDlHuPWeUrg6tuBMhId8SdRckRUoTwIni7MVfZAyZ9h7PppRrHgd/V+1pR/hhwbJHaP2Q==",
      "license": "MIT"
    }
  }
}
